
Microsoft Visual Studio Solution File, Format Version 12.00
# Visual Studio Version 17
VisualStudioVersion = 17.3.32922.545
MinimumVisualStudioVersion = 10.0.40219.1
Project("{9A19103F-16F7-4668-BE54-9A1E7A4F7556}") = "VatCheck.API", "VatCheckApi\VatCheck.API.csproj", "{B0CF20E7-16A4-495B-BCF4-1AC64D2FD4A4}"
EndProject
Project("{9A19103F-16F7-4668-BE54-9A1E7A4F7556}") = "VatCheck.Service", "VatCheck.Service\VatCheck.Service.csproj", "{D3B755DE-A8B1-4845-9DD1-860213C0F29E}"
EndProject
Project("{9A19103F-16F7-4668-BE54-9A1E7A4F7556}") = "VatCheck.Repo", "VatCheck.Repo\VatCheck.Repo.csproj", "{DE3969FC-0C1C-45D7-992A-C300C120209A}"
EndProject
Project("{9A19103F-16F7-4668-BE54-9A1E7A4F7556}") = "VatCheck.Models", "VatCheck.Models\VatCheck.Models.csproj", "{5D6F6C1A-DB23-419B-BC65-75E2CEC853B5}"
EndProject
Project("{FAE04EC0-301F-11D3-BF4B-00C04F79EFBC}") = "VatCheck.Helpers", "VatCheck.Helpers\VatCheck.Helpers.csproj", "{E26B5395-222A-452F-8C49-AE8FFCDF093C}"
EndProject
Global
	GlobalSection(SolutionConfigurationPlatforms) = preSolution
		Debug|Any CPU = Debug|Any CPU
		Release|Any CPU = Release|Any CPU
	EndGlobalSection
	GlobalSection(ProjectConfigurationPlatforms) = postSolution
		{B0CF20E7-16A4-495B-BCF4-1AC64D2FD4A4}.Debug|Any CPU.ActiveCfg = Debug|Any CPU
		{B0CF20E7-16A4-495B-BCF4-1AC64D2FD4A4}.Debug|Any CPU.Build.0 = Debug|Any CPU
		{B0CF20E7-16A4-495B-BCF4-1AC64D2FD4A4}.Release|Any CPU.ActiveCfg = Release|Any CPU
		{B0CF20E7-16A4-495B-BCF4-1AC64D2FD4A4}.Release|Any CPU.Build.0 = Release|Any CPU
		{D3B755DE-A8B1-4845-9DD1-860213C0F29E}.Debug|Any CPU.ActiveCfg = Debug|Any CPU
		{D3B755DE-A8B1-4845-9DD1-860213C0F29E}.Debug|Any CPU.Build.0 = Debug|Any CPU
		{D3B755DE-A8B1-4845-9DD1-860213C0F29E}.Release|Any CPU.ActiveCfg = Release|Any CPU
		{D3B755DE-A8B1-4845-9DD1-860213C0F29E}.Release|Any CPU.Build.0 = Release|Any CPU
		{DE3969FC-0C1C-45D7-992A-C300C120209A}.Debug|Any CPU.ActiveCfg = Debug|Any CPU
		{DE3969FC-0C1C-45D7-992A-C300C120209A}.Debug|Any CPU.Build.0 = Debug|Any CPU
		{DE3969FC-0C1C-45D7-992A-C300C120209A}.Release|Any CPU.ActiveCfg = Release|Any CPU
		{DE3969FC-0C1C-45D7-992A-C300C120209A}.Release|Any CPU.Build.0 = Release|Any CPU
		{5D6F6C1A-DB23-419B-BC65-75E2CEC853B5}.Debug|Any CPU.ActiveCfg = Debug|Any CPU
		{5D6F6C1A-DB23-419B-BC65-75E2CEC853B5}.Debug|Any CPU.Build.0 = Debug|Any CPU
		{5D6F6C1A-DB23-419B-BC65-75E2CEC853B5}.Release|Any CPU.ActiveCfg = Release|Any CPU
		{5D6F6C1A-DB23-419B-BC65-75E2CEC853B5}.Release|Any CPU.Build.0 = Release|Any CPU
		{E26B5395-222A-452F-8C49-AE8FFCDF093C}.Debug|Any CPU.ActiveCfg = Debug|Any CPU
		{E26B5395-222A-452F-8C49-AE8FFCDF093C}.Debug|Any CPU.Build.0 = Debug|Any CPU
		{E26B5395-222A-452F-8C49-AE8FFCDF093C}.Release|Any CPU.ActiveCfg = Release|Any CPU
		{E26B5395-222A-452F-8C49-AE8FFCDF093C}.Release|Any CPU.Build.0 = Release|Any CPU
	EndGlobalSection
	GlobalSection(SolutionProperties) = preSolution
		HideSolutionNode = FALSE
	EndGlobalSection
	GlobalSection(ExtensibilityGlobals) = postSolution
		SolutionGuid = {A4341918-8923-4925-A8ED-DA4667A8FC58}
	EndGlobalSection
EndGlobal
